
Microsoft Visual Studio Solution File, Format Version 12.00
# Visual Studio Version 17
VisualStudioVersion = 17.6.33417.168
MinimumVisualStudioVersion = 10.0.40219.1
Project("{9A19103F-16F7-4668-BE54-9A1E7A4F7556}") = "JWCOpleidingInfoMailer", "JWCOpleidingInfoMailer\JWCOpleidingInfoMailer.csproj", "{90781F3B-C443-44C7-B90D-5FABA5086B00}"
EndProject
Project("{FAE04EC0-301F-11D3-BF4B-00C04F79EFBC}") = "JWCOpleidingTestProject", "JWCOpleidingTestProject\JWCOpleidingTestProject.csproj", "{014F4002-36B2-41F5-8062-B85176E955B5}"
EndProject
Global
	GlobalSection(SolutionConfigurationPlatforms) = preSolution
		Debug|Any CPU = Debug|Any CPU
		Release|Any CPU = Release|Any CPU
	EndGlobalSection
	GlobalSection(ProjectConfigurationPlatforms) = postSolution
		{90781F3B-C443-44C7-B90D-5FABA5086B00}.Debug|Any CPU.ActiveCfg = Debug|Any CPU
		{90781F3B-C443-44C7-B90D-5FABA5086B00}.Debug|Any CPU.Build.0 = Debug|Any CPU
		{90781F3B-C443-44C7-B90D-5FABA5086B00}.Release|Any CPU.ActiveCfg = Release|Any CPU
		{90781F3B-C443-44C7-B90D-5FABA5086B00}.Release|Any CPU.Build.0 = Release|Any CPU
		{014F4002-36B2-41F5-8062-B85176E955B5}.Debug|Any CPU.ActiveCfg = Debug|Any CPU
		{014F4002-36B2-41F5-8062-B85176E955B5}.Debug|Any CPU.Build.0 = Debug|Any CPU
		{014F4002-36B2-41F5-8062-B85176E955B5}.Release|Any CPU.ActiveCfg = Release|Any CPU
		{014F4002-36B2-41F5-8062-B85176E955B5}.Release|Any CPU.Build.0 = Release|Any CPU
	EndGlobalSection
	GlobalSection(SolutionProperties) = preSolution
		HideSolutionNode = FALSE
	EndGlobalSection
	GlobalSection(ExtensibilityGlobals) = postSolution
		SolutionGuid = {5515C462-930D-42F8-9038-2298A02DCFDA}
	EndGlobalSection
EndGlobal
